
Microsoft Visual Studio Solution File, Format Version 12.00
# Visual Studio Version 16
VisualStudioVersion = 16.0.31624.102
MinimumVisualStudioVersion = 10.0.40219.1
Project("{FAE04EC0-301F-11D3-BF4B-00C04F79EFBC}") = "ImageRecognition", "ImageRecognition\ImageRecognition.csproj", "{944C1CA6-8263-4180-991C-4EADCD102244}"
EndProject
Project("{FAE04EC0-301F-11D3-BF4B-00C04F79EFBC}") = "ImageRecognitionFunction", "ImageRecognitionFunction\ImageRecognitionFunction.csproj", "{BFC86211-CE0A-4612-AAD2-B9F697ACF457}"
EndProject
Global
	GlobalSection(SolutionConfigurationPlatforms) = preSolution
		Debug|Any CPU = Debug|Any CPU
		Release|Any CPU = Release|Any CPU
	EndGlobalSection
	GlobalSection(ProjectConfigurationPlatforms) = postSolution
		{944C1CA6-8263-4180-991C-4EADCD102244}.Debug|Any CPU.ActiveCfg = Debug|Any CPU
		{944C1CA6-8263-4180-991C-4EADCD102244}.Debug|Any CPU.Build.0 = Debug|Any CPU
		{944C1CA6-8263-4180-991C-4EADCD102244}.Release|Any CPU.ActiveCfg = Release|Any CPU
		{944C1CA6-8263-4180-991C-4EADCD102244}.Release|Any CPU.Build.0 = Release|Any CPU
		{BFC86211-CE0A-4612-AAD2-B9F697ACF457}.Debug|Any CPU.ActiveCfg = Debug|Any CPU
		{BFC86211-CE0A-4612-AAD2-B9F697ACF457}.Debug|Any CPU.Build.0 = Debug|Any CPU
		{BFC86211-CE0A-4612-AAD2-B9F697ACF457}.Release|Any CPU.ActiveCfg = Release|Any CPU
		{BFC86211-CE0A-4612-AAD2-B9F697ACF457}.Release|Any CPU.Build.0 = Release|Any CPU
	EndGlobalSection
	GlobalSection(SolutionProperties) = preSolution
		HideSolutionNode = FALSE
	EndGlobalSection
	GlobalSection(ExtensibilityGlobals) = postSolution
		SolutionGuid = {4C4F16E7-390D-4952-AC05-A436F71BE882}
	EndGlobalSection
EndGlobal
